
Microsoft Visual Studio Solution File, Format Version 12.00
# Visual Studio Version 16
VisualStudioVersion = 16.0.30413.136
MinimumVisualStudioVersion = 10.0.40219.1
Project("{2150E333-8FDC-42A3-9474-1A3956D46DE8}") = "src", "src", "{0BC5A173-EDC3-4CBB-B11A-6E0188A2604B}"
EndProject
Project("{2150E333-8FDC-42A3-9474-1A3956D46DE8}") = "test", "test", "{2B01B4F7-C6E4-4174-BC1F-522F847C92B3}"
EndProject
Project("{FAE04EC0-301F-11D3-BF4B-00C04F79EFBC}") = "Domain", "Domain\Domain.csproj", "{47F27EAD-1401-4929-9B67-BC11618CB79B}"
EndProject
Project("{FAE04EC0-301F-11D3-BF4B-00C04F79EFBC}") = "Application", "Application\Application.csproj", "{98690D49-889C-4EE9-992B-75DC4F28A45F}"
EndProject
Project("{FAE04EC0-301F-11D3-BF4B-00C04F79EFBC}") = "Infrastructure", "Infrastructure\Infrastructure.csproj", "{B3B88DD0-A41B-4985-8D74-DBC78856BCBE}"
EndProject
Project("{FAE04EC0-301F-11D3-BF4B-00C04F79EFBC}") = "WebApi", "WebApi\WebApi.csproj", "{59278EB4-4B94-4EB5-92C0-A3BF796462FD}"
EndProject
Project("{FAE04EC0-301F-11D3-BF4B-00C04F79EFBC}") = "Presentation", "Presentation\Presentation.csproj", "{69DFE8D9-39E5-48FD-9422-A252B1663A4C}"
EndProject
Project("{FAE04EC0-301F-11D3-BF4B-00C04F79EFBC}") = "Tests.Domain", "Tests.Domain\Tests.Domain.csproj", "{BFD35A81-1B61-4E04-A84B-68974AE41BC6}"
EndProject
Project("{FAE04EC0-301F-11D3-BF4B-00C04F79EFBC}") = "IntegrationTests", "IntegrationTests\IntegrationTests.csproj", "{9A7F1EC4-D00B-4638-A5A3-C866170A1D17}"
EndProject
Project("{FAE04EC0-301F-11D3-BF4B-00C04F79EFBC}") = "Shared", "Shared\Shared.csproj", "{DE629BAF-F23F-4490-8739-6F1CD6091804}"
EndProject
Global
	GlobalSection(SolutionConfigurationPlatforms) = preSolution
		Debug|Any CPU = Debug|Any CPU
		Release|Any CPU = Release|Any CPU
	EndGlobalSection
	GlobalSection(ProjectConfigurationPlatforms) = postSolution
		{47F27EAD-1401-4929-9B67-BC11618CB79B}.Debug|Any CPU.ActiveCfg = Debug|Any CPU
		{47F27EAD-1401-4929-9B67-BC11618CB79B}.Debug|Any CPU.Build.0 = Debug|Any CPU
		{47F27EAD-1401-4929-9B67-BC11618CB79B}.Release|Any CPU.ActiveCfg = Release|Any CPU
		{47F27EAD-1401-4929-9B67-BC11618CB79B}.Release|Any CPU.Build.0 = Release|Any CPU
		{98690D49-889C-4EE9-992B-75DC4F28A45F}.Debug|Any CPU.ActiveCfg = Debug|Any CPU
		{98690D49-889C-4EE9-992B-75DC4F28A45F}.Debug|Any CPU.Build.0 = Debug|Any CPU
		{98690D49-889C-4EE9-992B-75DC4F28A45F}.Release|Any CPU.ActiveCfg = Release|Any CPU
		{98690D49-889C-4EE9-992B-75DC4F28A45F}.Release|Any CPU.Build.0 = Release|Any CPU
		{B3B88DD0-A41B-4985-8D74-DBC78856BCBE}.Debug|Any CPU.ActiveCfg = Debug|Any CPU
		{B3B88DD0-A41B-4985-8D74-DBC78856BCBE}.Debug|Any CPU.Build.0 = Debug|Any CPU
		{B3B88DD0-A41B-4985-8D74-DBC78856BCBE}.Release|Any CPU.ActiveCfg = Release|Any CPU
		{B3B88DD0-A41B-4985-8D74-DBC78856BCBE}.Release|Any CPU.Build.0 = Release|Any CPU
		{59278EB4-4B94-4EB5-92C0-A3BF796462FD}.Debug|Any CPU.ActiveCfg = Debug|Any CPU
		{59278EB4-4B94-4EB5-92C0-A3BF796462FD}.Debug|Any CPU.Build.0 = Debug|Any CPU
		{59278EB4-4B94-4EB5-92C0-A3BF796462FD}.Release|Any CPU.ActiveCfg = Release|Any CPU
		{59278EB4-4B94-4EB5-92C0-A3BF796462FD}.Release|Any CPU.Build.0 = Release|Any CPU
		{69DFE8D9-39E5-48FD-9422-A252B1663A4C}.Debug|Any CPU.ActiveCfg = Debug|Any CPU
		{69DFE8D9-39E5-48FD-9422-A252B1663A4C}.Debug|Any CPU.Build.0 = Debug|Any CPU
		{69DFE8D9-39E5-48FD-9422-A252B1663A4C}.Release|Any CPU.ActiveCfg = Release|Any CPU
		{69DFE8D9-39E5-48FD-9422-A252B1663A4C}.Release|Any CPU.Build.0 = Release|Any CPU
		{BFD35A81-1B61-4E04-A84B-68974AE41BC6}.Debug|Any CPU.ActiveCfg = Debug|Any CPU
		{BFD35A81-1B61-4E04-A84B-68974AE41BC6}.Debug|Any CPU.Build.0 = Debug|Any CPU
		{BFD35A81-1B61-4E04-A84B-68974AE41BC6}.Release|Any CPU.ActiveCfg = Release|Any CPU
		{BFD35A81-1B61-4E04-A84B-68974AE41BC6}.Release|Any CPU.Build.0 = Release|Any CPU
		{9A7F1EC4-D00B-4638-A5A3-C866170A1D17}.Debug|Any CPU.ActiveCfg = Debug|Any CPU
		{9A7F1EC4-D00B-4638-A5A3-C866170A1D17}.Debug|Any CPU.Build.0 = Debug|Any CPU
		{9A7F1EC4-D00B-4638-A5A3-C866170A1D17}.Release|Any CPU.ActiveCfg = Release|Any CPU
		{9A7F1EC4-D00B-4638-A5A3-C866170A1D17}.Release|Any CPU.Build.0 = Release|Any CPU
		{DE629BAF-F23F-4490-8739-6F1CD6091804}.Debug|Any CPU.ActiveCfg = Debug|Any CPU
		{DE629BAF-F23F-4490-8739-6F1CD6091804}.Debug|Any CPU.Build.0 = Debug|Any CPU
		{DE629BAF-F23F-4490-8739-6F1CD6091804}.Release|Any CPU.ActiveCfg = Release|Any CPU
		{DE629BAF-F23F-4490-8739-6F1CD6091804}.Release|Any CPU.Build.0 = Release|Any CPU
	EndGlobalSection
	GlobalSection(SolutionProperties) = preSolution
		HideSolutionNode = FALSE
	EndGlobalSection
	GlobalSection(NestedProjects) = preSolution
		{47F27EAD-1401-4929-9B67-BC11618CB79B} = {0BC5A173-EDC3-4CBB-B11A-6E0188A2604B}
		{98690D49-889C-4EE9-992B-75DC4F28A45F} = {0BC5A173-EDC3-4CBB-B11A-6E0188A2604B}
		{B3B88DD0-A41B-4985-8D74-DBC78856BCBE} = {0BC5A173-EDC3-4CBB-B11A-6E0188A2604B}
		{59278EB4-4B94-4EB5-92C0-A3BF796462FD} = {0BC5A173-EDC3-4CBB-B11A-6E0188A2604B}
		{69DFE8D9-39E5-48FD-9422-A252B1663A4C} = {0BC5A173-EDC3-4CBB-B11A-6E0188A2604B}
		{BFD35A81-1B61-4E04-A84B-68974AE41BC6} = {2B01B4F7-C6E4-4174-BC1F-522F847C92B3}
		{9A7F1EC4-D00B-4638-A5A3-C866170A1D17} = {2B01B4F7-C6E4-4174-BC1F-522F847C92B3}
		{DE629BAF-F23F-4490-8739-6F1CD6091804} = {0BC5A173-EDC3-4CBB-B11A-6E0188A2604B}
	EndGlobalSection
	GlobalSection(ExtensibilityGlobals) = postSolution
		SolutionGuid = {9EE0CF9A-BC4C-414A-8170-52D0BCD2B229}
	EndGlobalSection
EndGlobal
